
Microsoft Visual Studio Solution File, Format Version 12.00
# Visual Studio Version 17
VisualStudioVersion = 17.11.35327.3
MinimumVisualStudioVersion = 10.0.40219.1
Project("{8BC9CEB8-8B4A-11D0-8D11-00A0C91BC942}") = "laba3jsjsd", "laba3jsjsd\laba3jsjsd.vcxproj", "{B72B4124-033D-45CF-980B-618A8C2415A7}"
EndProject
Global
	GlobalSection(SolutionConfigurationPlatforms) = preSolution
		Debug|x64 = Debug|x64
		Debug|x86 = Debug|x86
		Release|x64 = Release|x64
		Release|x86 = Release|x86
	EndGlobalSection
	GlobalSection(ProjectConfigurationPlatforms) = postSolution
		{B72B4124-033D-45CF-980B-618A8C2415A7}.Debug|x64.ActiveCfg = Debug|x64
		{B72B4124-033D-45CF-980B-618A8C2415A7}.Debug|x64.Build.0 = Debug|x64
		{B72B4124-033D-45CF-980B-618A8C2415A7}.Debug|x86.ActiveCfg = Debug|Win32
		{B72B4124-033D-45CF-980B-618A8C2415A7}.Debug|x86.Build.0 = Debug|Win32
		{B72B4124-033D-45CF-980B-618A8C2415A7}.Release|x64.ActiveCfg = Release|x64
		{B72B4124-033D-45CF-980B-618A8C2415A7}.Release|x64.Build.0 = Release|x64
		{B72B4124-033D-45CF-980B-618A8C2415A7}.Release|x86.ActiveCfg = Release|Win32
		{B72B4124-033D-45CF-980B-618A8C2415A7}.Release|x86.Build.0 = Release|Win32
	EndGlobalSection
	GlobalSection(SolutionProperties) = preSolution
		HideSolutionNode = FALSE
	EndGlobalSection
	GlobalSection(ExtensibilityGlobals) = postSolution
		SolutionGuid = {06854E38-25D2-411A-98D8-FBF0AE9AD9FF}
	EndGlobalSection
EndGlobal
